
Microsoft Visual Studio Solution File, Format Version 12.00
# Visual Studio Version 17
VisualStudioVersion = 17.11.35312.102
MinimumVisualStudioVersion = 10.0.40219.1
Project("{9A19103F-16F7-4668-BE54-9A1E7A4F7556}") = "Desafio_Desenvolvimento.Infra.Data", "Desafio_Desenvolvimento.Infra.Data\Desafio_Desenvolvimento.Infra.Data.csproj", "{4D427FE3-A4FC-44D5-8466-5C943383A01A}"
EndProject
Project("{9A19103F-16F7-4668-BE54-9A1E7A4F7556}") = "Desafio_Desenvolvimento.Web", "Desafio_Desenvolvimento.Web\Desafio_Desenvolvimento.Web.csproj", "{3D3272C5-9686-4F00-97BC-359F3078EFC9}"
EndProject
Project("{9A19103F-16F7-4668-BE54-9A1E7A4F7556}") = "Desafio_Desenvolvimento.Domain", "Desafio_Desenvolvimento.Domain\Desafio_Desenvolvimento.Domain.csproj", "{FB221A42-720D-45D2-A7F5-004075F54EA1}"
EndProject
Project("{FAE04EC0-301F-11D3-BF4B-00C04F79EFBC}") = "Desafio_Desenvolvimento.Core", "Desafio_Desenvolvimento.Core\Desafio_Desenvolvimento.Core.csproj", "{71B21696-132E-4834-A71E-E91F3F7EE053}"
EndProject
Project("{FAE04EC0-301F-11D3-BF4B-00C04F79EFBC}") = "Desafio_Desenvolvimento.Application", "Desafio_Desenvolvimento.Application\Desafio_Desenvolvimento.Application.csproj", "{8214C13A-F7B1-472A-B271-CC20F372E9FB}"
EndProject
Global
	GlobalSection(SolutionConfigurationPlatforms) = preSolution
		Debug|Any CPU = Debug|Any CPU
		Release|Any CPU = Release|Any CPU
	EndGlobalSection
	GlobalSection(ProjectConfigurationPlatforms) = postSolution
		{4D427FE3-A4FC-44D5-8466-5C943383A01A}.Debug|Any CPU.ActiveCfg = Debug|Any CPU
		{4D427FE3-A4FC-44D5-8466-5C943383A01A}.Debug|Any CPU.Build.0 = Debug|Any CPU
		{4D427FE3-A4FC-44D5-8466-5C943383A01A}.Release|Any CPU.ActiveCfg = Release|Any CPU
		{4D427FE3-A4FC-44D5-8466-5C943383A01A}.Release|Any CPU.Build.0 = Release|Any CPU
		{3D3272C5-9686-4F00-97BC-359F3078EFC9}.Debug|Any CPU.ActiveCfg = Debug|Any CPU
		{3D3272C5-9686-4F00-97BC-359F3078EFC9}.Debug|Any CPU.Build.0 = Debug|Any CPU
		{3D3272C5-9686-4F00-97BC-359F3078EFC9}.Release|Any CPU.ActiveCfg = Release|Any CPU
		{3D3272C5-9686-4F00-97BC-359F3078EFC9}.Release|Any CPU.Build.0 = Release|Any CPU
		{FB221A42-720D-45D2-A7F5-004075F54EA1}.Debug|Any CPU.ActiveCfg = Debug|Any CPU
		{FB221A42-720D-45D2-A7F5-004075F54EA1}.Debug|Any CPU.Build.0 = Debug|Any CPU
		{FB221A42-720D-45D2-A7F5-004075F54EA1}.Release|Any CPU.ActiveCfg = Release|Any CPU
		{FB221A42-720D-45D2-A7F5-004075F54EA1}.Release|Any CPU.Build.0 = Release|Any CPU
		{71B21696-132E-4834-A71E-E91F3F7EE053}.Debug|Any CPU.ActiveCfg = Debug|Any CPU
		{71B21696-132E-4834-A71E-E91F3F7EE053}.Debug|Any CPU.Build.0 = Debug|Any CPU
		{71B21696-132E-4834-A71E-E91F3F7EE053}.Release|Any CPU.ActiveCfg = Release|Any CPU
		{71B21696-132E-4834-A71E-E91F3F7EE053}.Release|Any CPU.Build.0 = Release|Any CPU
		{8214C13A-F7B1-472A-B271-CC20F372E9FB}.Debug|Any CPU.ActiveCfg = Debug|Any CPU
		{8214C13A-F7B1-472A-B271-CC20F372E9FB}.Debug|Any CPU.Build.0 = Debug|Any CPU
		{8214C13A-F7B1-472A-B271-CC20F372E9FB}.Release|Any CPU.ActiveCfg = Release|Any CPU
		{8214C13A-F7B1-472A-B271-CC20F372E9FB}.Release|Any CPU.Build.0 = Release|Any CPU
	EndGlobalSection
	GlobalSection(SolutionProperties) = preSolution
		HideSolutionNode = FALSE
	EndGlobalSection
	GlobalSection(ExtensibilityGlobals) = postSolution
		SolutionGuid = {CC87CED7-EDFA-443F-BCBA-48A194025E9A}
	EndGlobalSection
EndGlobal
